
Microsoft Visual Studio Solution File, Format Version 12.00
# Visual Studio Version 17
VisualStudioVersion = 17.10.35013.160
MinimumVisualStudioVersion = 10.0.40219.1
Project("{FAE04EC0-301F-11D3-BF4B-00C04F79EFBC}") = "WebApplication1", "WebApplication1.csproj", "{B047E9B7-A84E-4F47-9241-473A55F5C023}"
EndProject
Global
	GlobalSection(SolutionConfigurationPlatforms) = preSolution
		Debug|Any CPU = Debug|Any CPU
		Release|Any CPU = Release|Any CPU
	EndGlobalSection
	GlobalSection(ProjectConfigurationPlatforms) = postSolution
		{B047E9B7-A84E-4F47-9241-473A55F5C023}.Debug|Any CPU.ActiveCfg = Debug|Any CPU
		{B047E9B7-A84E-4F47-9241-473A55F5C023}.Debug|Any CPU.Build.0 = Debug|Any CPU
		{B047E9B7-A84E-4F47-9241-473A55F5C023}.Release|Any CPU.ActiveCfg = Release|Any CPU
		{B047E9B7-A84E-4F47-9241-473A55F5C023}.Release|Any CPU.Build.0 = Release|Any CPU
	EndGlobalSection
	GlobalSection(SolutionProperties) = preSolution
		HideSolutionNode = FALSE
	EndGlobalSection
	GlobalSection(ExtensibilityGlobals) = postSolution
		SolutionGuid = {D50F98CC-B1B1-4709-B2D6-423FC5A74E95}
	EndGlobalSection
EndGlobal
